
Microsoft Visual Studio Solution File, Format Version 12.00
# Visual Studio Version 16
VisualStudioVersion = 16.0.29613.14
MinimumVisualStudioVersion = 10.0.40219.1
Project("{FAE04EC0-301F-11D3-BF4B-00C04F79EFBC}") = "Practice", "Practice\Practice.csproj", "{463F5624-92CE-4E69-AAFE-3F99F3D5E70A}"
EndProject
Global
	GlobalSection(SolutionConfigurationPlatforms) = preSolution
		Debug|Any CPU = Debug|Any CPU
		Release|Any CPU = Release|Any CPU
	EndGlobalSection
	GlobalSection(ProjectConfigurationPlatforms) = postSolution
		{463F5624-92CE-4E69-AAFE-3F99F3D5E70A}.Debug|Any CPU.ActiveCfg = Debug|Any CPU
		{463F5624-92CE-4E69-AAFE-3F99F3D5E70A}.Debug|Any CPU.Build.0 = Debug|Any CPU
		{463F5624-92CE-4E69-AAFE-3F99F3D5E70A}.Release|Any CPU.ActiveCfg = Release|Any CPU
		{463F5624-92CE-4E69-AAFE-3F99F3D5E70A}.Release|Any CPU.Build.0 = Release|Any CPU
	EndGlobalSection
	GlobalSection(SolutionProperties) = preSolution
		HideSolutionNode = FALSE
	EndGlobalSection
	GlobalSection(ExtensibilityGlobals) = postSolution
		SolutionGuid = {F17C4696-C9D2-425C-9D64-1F90D0869A8F}
	EndGlobalSection
EndGlobal
