
Microsoft Visual Studio Solution File, Format Version 12.00
# Visual Studio Version 16
VisualStudioVersion = 16.0.30517.126
MinimumVisualStudioVersion = 10.0.40219.1
Project("{FAE04EC0-301F-11D3-BF4B-00C04F79EFBC}") = "Practice", "Practice\Practice.csproj", "{91D7EAE9-C27B-45AD-83C9-4A0D7BFA1813}"
EndProject
Project("{FAE04EC0-301F-11D3-BF4B-00C04F79EFBC}") = "Practice2", "Practice2\Practice2.csproj", "{6471F9E5-CA91-407D-B30B-D2889E52F174}"
EndProject
Project("{FAE04EC0-301F-11D3-BF4B-00C04F79EFBC}") = "Practice3", "Practice3\Practice3.csproj", "{0AFFF0E5-4202-4942-8739-A92682B75E27}"
EndProject
Project("{FAE04EC0-301F-11D3-BF4B-00C04F79EFBC}") = "Practice4", "Practice4\Practice4.csproj", "{B61DD3BA-FBA1-44FA-AA6D-DD69A4A42459}"
EndProject
Global
	GlobalSection(SolutionConfigurationPlatforms) = preSolution
		Debug|Any CPU = Debug|Any CPU
		Release|Any CPU = Release|Any CPU
	EndGlobalSection
	GlobalSection(ProjectConfigurationPlatforms) = postSolution
		{91D7EAE9-C27B-45AD-83C9-4A0D7BFA1813}.Debug|Any CPU.ActiveCfg = Debug|Any CPU
		{91D7EAE9-C27B-45AD-83C9-4A0D7BFA1813}.Debug|Any CPU.Build.0 = Debug|Any CPU
		{91D7EAE9-C27B-45AD-83C9-4A0D7BFA1813}.Release|Any CPU.ActiveCfg = Release|Any CPU
		{91D7EAE9-C27B-45AD-83C9-4A0D7BFA1813}.Release|Any CPU.Build.0 = Release|Any CPU
		{6471F9E5-CA91-407D-B30B-D2889E52F174}.Debug|Any CPU.ActiveCfg = Debug|Any CPU
		{6471F9E5-CA91-407D-B30B-D2889E52F174}.Debug|Any CPU.Build.0 = Debug|Any CPU
		{6471F9E5-CA91-407D-B30B-D2889E52F174}.Release|Any CPU.ActiveCfg = Release|Any CPU
		{6471F9E5-CA91-407D-B30B-D2889E52F174}.Release|Any CPU.Build.0 = Release|Any CPU
		{0AFFF0E5-4202-4942-8739-A92682B75E27}.Debug|Any CPU.ActiveCfg = Debug|Any CPU
		{0AFFF0E5-4202-4942-8739-A92682B75E27}.Debug|Any CPU.Build.0 = Debug|Any CPU
		{0AFFF0E5-4202-4942-8739-A92682B75E27}.Release|Any CPU.ActiveCfg = Release|Any CPU
		{0AFFF0E5-4202-4942-8739-A92682B75E27}.Release|Any CPU.Build.0 = Release|Any CPU
		{B61DD3BA-FBA1-44FA-AA6D-DD69A4A42459}.Debug|Any CPU.ActiveCfg = Debug|Any CPU
		{B61DD3BA-FBA1-44FA-AA6D-DD69A4A42459}.Debug|Any CPU.Build.0 = Debug|Any CPU
		{B61DD3BA-FBA1-44FA-AA6D-DD69A4A42459}.Release|Any CPU.ActiveCfg = Release|Any CPU
		{B61DD3BA-FBA1-44FA-AA6D-DD69A4A42459}.Release|Any CPU.Build.0 = Release|Any CPU
	EndGlobalSection
	GlobalSection(SolutionProperties) = preSolution
		HideSolutionNode = FALSE
	EndGlobalSection
	GlobalSection(ExtensibilityGlobals) = postSolution
		SolutionGuid = {EE57EBF7-9A15-4720-AEC6-D7DB54C2ED0A}
	EndGlobalSection
EndGlobal
