
Microsoft Visual Studio Solution File, Format Version 12.00
# Visual Studio Version 16
VisualStudioVersion = 16.0.30517.126
MinimumVisualStudioVersion = 10.0.40219.1
Project("{FAE04EC0-301F-11D3-BF4B-00C04F79EFBC}") = "Practice", "Practice\Practice.csproj", "{2037F17C-D038-4D51-A18C-874F0323890C}"
EndProject
Project("{FAE04EC0-301F-11D3-BF4B-00C04F79EFBC}") = "Practice2", "Practice2\Practice2.csproj", "{0AB70C7E-8CF0-45EA-BD70-B4576C13E4D9}"
EndProject
Project("{FAE04EC0-301F-11D3-BF4B-00C04F79EFBC}") = "Practice3", "Practice3\Practice3.csproj", "{D46011A9-B02E-4FEA-A154-B1586B2DDBD9}"
EndProject
Global
	GlobalSection(SolutionConfigurationPlatforms) = preSolution
		Debug|Any CPU = Debug|Any CPU
		Release|Any CPU = Release|Any CPU
	EndGlobalSection
	GlobalSection(ProjectConfigurationPlatforms) = postSolution
		{2037F17C-D038-4D51-A18C-874F0323890C}.Debug|Any CPU.ActiveCfg = Debug|Any CPU
		{2037F17C-D038-4D51-A18C-874F0323890C}.Debug|Any CPU.Build.0 = Debug|Any CPU
		{2037F17C-D038-4D51-A18C-874F0323890C}.Release|Any CPU.ActiveCfg = Release|Any CPU
		{2037F17C-D038-4D51-A18C-874F0323890C}.Release|Any CPU.Build.0 = Release|Any CPU
		{0AB70C7E-8CF0-45EA-BD70-B4576C13E4D9}.Debug|Any CPU.ActiveCfg = Debug|Any CPU
		{0AB70C7E-8CF0-45EA-BD70-B4576C13E4D9}.Debug|Any CPU.Build.0 = Debug|Any CPU
		{0AB70C7E-8CF0-45EA-BD70-B4576C13E4D9}.Release|Any CPU.ActiveCfg = Release|Any CPU
		{0AB70C7E-8CF0-45EA-BD70-B4576C13E4D9}.Release|Any CPU.Build.0 = Release|Any CPU
		{D46011A9-B02E-4FEA-A154-B1586B2DDBD9}.Debug|Any CPU.ActiveCfg = Debug|Any CPU
		{D46011A9-B02E-4FEA-A154-B1586B2DDBD9}.Debug|Any CPU.Build.0 = Debug|Any CPU
		{D46011A9-B02E-4FEA-A154-B1586B2DDBD9}.Release|Any CPU.ActiveCfg = Release|Any CPU
		{D46011A9-B02E-4FEA-A154-B1586B2DDBD9}.Release|Any CPU.Build.0 = Release|Any CPU
	EndGlobalSection
	GlobalSection(SolutionProperties) = preSolution
		HideSolutionNode = FALSE
	EndGlobalSection
	GlobalSection(ExtensibilityGlobals) = postSolution
		SolutionGuid = {E1BF7765-999A-4ED9-BB08-340AFC612A77}
	EndGlobalSection
EndGlobal
