
Microsoft Visual Studio Solution File, Format Version 12.00
# Visual Studio Version 16
VisualStudioVersion = 16.0.30523.141
MinimumVisualStudioVersion = 10.0.40219.1
Project("{FAE04EC0-301F-11D3-BF4B-00C04F79EFBC}") = "Practice", "Practice\Practice.csproj", "{7650AE41-9237-47D4-A656-DCF2814BABCC}"
EndProject
Project("{FAE04EC0-301F-11D3-BF4B-00C04F79EFBC}") = "Practice2", "Practice2\Practice2.csproj", "{45BB7508-FED6-4F70-9FFB-763E3660A1A9}"
EndProject
Global
	GlobalSection(SolutionConfigurationPlatforms) = preSolution
		Debug|Any CPU = Debug|Any CPU
		Release|Any CPU = Release|Any CPU
	EndGlobalSection
	GlobalSection(ProjectConfigurationPlatforms) = postSolution
		{7650AE41-9237-47D4-A656-DCF2814BABCC}.Debug|Any CPU.ActiveCfg = Debug|Any CPU
		{7650AE41-9237-47D4-A656-DCF2814BABCC}.Debug|Any CPU.Build.0 = Debug|Any CPU
		{7650AE41-9237-47D4-A656-DCF2814BABCC}.Release|Any CPU.ActiveCfg = Release|Any CPU
		{7650AE41-9237-47D4-A656-DCF2814BABCC}.Release|Any CPU.Build.0 = Release|Any CPU
		{45BB7508-FED6-4F70-9FFB-763E3660A1A9}.Debug|Any CPU.ActiveCfg = Debug|Any CPU
		{45BB7508-FED6-4F70-9FFB-763E3660A1A9}.Debug|Any CPU.Build.0 = Debug|Any CPU
		{45BB7508-FED6-4F70-9FFB-763E3660A1A9}.Release|Any CPU.ActiveCfg = Release|Any CPU
		{45BB7508-FED6-4F70-9FFB-763E3660A1A9}.Release|Any CPU.Build.0 = Release|Any CPU
	EndGlobalSection
	GlobalSection(SolutionProperties) = preSolution
		HideSolutionNode = FALSE
	EndGlobalSection
	GlobalSection(ExtensibilityGlobals) = postSolution
		SolutionGuid = {D6B0E698-8A03-48A6-A085-950465A07966}
	EndGlobalSection
EndGlobal
