
Microsoft Visual Studio Solution File, Format Version 12.00
# Visual Studio Version 16
VisualStudioVersion = 16.0.30517.126
MinimumVisualStudioVersion = 10.0.40219.1
Project("{FAE04EC0-301F-11D3-BF4B-00C04F79EFBC}") = "Practice", "Practice\Practice.csproj", "{F6987BDE-0E46-46A5-B121-FE3AF2D972CC}"
EndProject
Global
	GlobalSection(SolutionConfigurationPlatforms) = preSolution
		Debug|Any CPU = Debug|Any CPU
		Release|Any CPU = Release|Any CPU
	EndGlobalSection
	GlobalSection(ProjectConfigurationPlatforms) = postSolution
		{F6987BDE-0E46-46A5-B121-FE3AF2D972CC}.Debug|Any CPU.ActiveCfg = Debug|Any CPU
		{F6987BDE-0E46-46A5-B121-FE3AF2D972CC}.Debug|Any CPU.Build.0 = Debug|Any CPU
		{F6987BDE-0E46-46A5-B121-FE3AF2D972CC}.Release|Any CPU.ActiveCfg = Release|Any CPU
		{F6987BDE-0E46-46A5-B121-FE3AF2D972CC}.Release|Any CPU.Build.0 = Release|Any CPU
	EndGlobalSection
	GlobalSection(SolutionProperties) = preSolution
		HideSolutionNode = FALSE
	EndGlobalSection
	GlobalSection(ExtensibilityGlobals) = postSolution
		SolutionGuid = {00054C58-5554-4E52-A80B-D8DA7647CD38}
	EndGlobalSection
EndGlobal
