
Microsoft Visual Studio Solution File, Format Version 12.00
# Visual Studio Version 16
VisualStudioVersion = 16.0.30517.126
MinimumVisualStudioVersion = 10.0.40219.1
Project("{FAE04EC0-301F-11D3-BF4B-00C04F79EFBC}") = "Practice", "Practice\Practice.csproj", "{F903D39F-FE81-4E08-A939-8DAFC32BAE66}"
EndProject
Global
	GlobalSection(SolutionConfigurationPlatforms) = preSolution
		Debug|Any CPU = Debug|Any CPU
		Release|Any CPU = Release|Any CPU
	EndGlobalSection
	GlobalSection(ProjectConfigurationPlatforms) = postSolution
		{F903D39F-FE81-4E08-A939-8DAFC32BAE66}.Debug|Any CPU.ActiveCfg = Debug|Any CPU
		{F903D39F-FE81-4E08-A939-8DAFC32BAE66}.Debug|Any CPU.Build.0 = Debug|Any CPU
		{F903D39F-FE81-4E08-A939-8DAFC32BAE66}.Release|Any CPU.ActiveCfg = Release|Any CPU
		{F903D39F-FE81-4E08-A939-8DAFC32BAE66}.Release|Any CPU.Build.0 = Release|Any CPU
	EndGlobalSection
	GlobalSection(SolutionProperties) = preSolution
		HideSolutionNode = FALSE
	EndGlobalSection
	GlobalSection(ExtensibilityGlobals) = postSolution
		SolutionGuid = {A46161B4-7843-4222-B52D-10676FD94DFA}
	EndGlobalSection
EndGlobal
