
Microsoft Visual Studio Solution File, Format Version 12.00
# Visual Studio Version 16
VisualStudioVersion = 16.0.29613.14
MinimumVisualStudioVersion = 10.0.40219.1
Project("{FAE04EC0-301F-11D3-BF4B-00C04F79EFBC}") = "Practice", "Practice\Practice.csproj", "{51072243-03E5-4F8F-8C75-1B966149DAE3}"
EndProject
Global
	GlobalSection(SolutionConfigurationPlatforms) = preSolution
		Debug|Any CPU = Debug|Any CPU
		Release|Any CPU = Release|Any CPU
	EndGlobalSection
	GlobalSection(ProjectConfigurationPlatforms) = postSolution
		{51072243-03E5-4F8F-8C75-1B966149DAE3}.Debug|Any CPU.ActiveCfg = Debug|Any CPU
		{51072243-03E5-4F8F-8C75-1B966149DAE3}.Debug|Any CPU.Build.0 = Debug|Any CPU
		{51072243-03E5-4F8F-8C75-1B966149DAE3}.Release|Any CPU.ActiveCfg = Release|Any CPU
		{51072243-03E5-4F8F-8C75-1B966149DAE3}.Release|Any CPU.Build.0 = Release|Any CPU
	EndGlobalSection
	GlobalSection(SolutionProperties) = preSolution
		HideSolutionNode = FALSE
	EndGlobalSection
	GlobalSection(ExtensibilityGlobals) = postSolution
		SolutionGuid = {BE23B561-F756-403B-B667-CE3DAA10030C}
	EndGlobalSection
EndGlobal
