
Microsoft Visual Studio Solution File, Format Version 12.00
# Visual Studio Version 16
VisualStudioVersion = 16.0.30517.126
MinimumVisualStudioVersion = 10.0.40219.1
Project("{FAE04EC0-301F-11D3-BF4B-00C04F79EFBC}") = "Exam", "Exam\Exam.csproj", "{81745C67-3DE5-4C5C-9600-A4D261D2F282}"
EndProject
Global
	GlobalSection(SolutionConfigurationPlatforms) = preSolution
		Debug|Any CPU = Debug|Any CPU
		Release|Any CPU = Release|Any CPU
	EndGlobalSection
	GlobalSection(ProjectConfigurationPlatforms) = postSolution
		{81745C67-3DE5-4C5C-9600-A4D261D2F282}.Debug|Any CPU.ActiveCfg = Debug|Any CPU
		{81745C67-3DE5-4C5C-9600-A4D261D2F282}.Debug|Any CPU.Build.0 = Debug|Any CPU
		{81745C67-3DE5-4C5C-9600-A4D261D2F282}.Release|Any CPU.ActiveCfg = Release|Any CPU
		{81745C67-3DE5-4C5C-9600-A4D261D2F282}.Release|Any CPU.Build.0 = Release|Any CPU
	EndGlobalSection
	GlobalSection(SolutionProperties) = preSolution
		HideSolutionNode = FALSE
	EndGlobalSection
	GlobalSection(ExtensibilityGlobals) = postSolution
		SolutionGuid = {B5AFC44E-8DCF-4018-82AF-339AE73CF61D}
	EndGlobalSection
EndGlobal
