
Microsoft Visual Studio Solution File, Format Version 12.00
# Visual Studio Version 16
VisualStudioVersion = 16.0.30517.126
MinimumVisualStudioVersion = 10.0.40219.1
Project("{FAE04EC0-301F-11D3-BF4B-00C04F79EFBC}") = "Practice", "Practice\Practice.csproj", "{DC873E61-06F6-4F60-9212-CA39A02EBA24}"
EndProject
Global
	GlobalSection(SolutionConfigurationPlatforms) = preSolution
		Debug|Any CPU = Debug|Any CPU
		Release|Any CPU = Release|Any CPU
	EndGlobalSection
	GlobalSection(ProjectConfigurationPlatforms) = postSolution
		{DC873E61-06F6-4F60-9212-CA39A02EBA24}.Debug|Any CPU.ActiveCfg = Debug|Any CPU
		{DC873E61-06F6-4F60-9212-CA39A02EBA24}.Debug|Any CPU.Build.0 = Debug|Any CPU
		{DC873E61-06F6-4F60-9212-CA39A02EBA24}.Release|Any CPU.ActiveCfg = Release|Any CPU
		{DC873E61-06F6-4F60-9212-CA39A02EBA24}.Release|Any CPU.Build.0 = Release|Any CPU
	EndGlobalSection
	GlobalSection(SolutionProperties) = preSolution
		HideSolutionNode = FALSE
	EndGlobalSection
	GlobalSection(ExtensibilityGlobals) = postSolution
		SolutionGuid = {63F52DB8-DEFB-4742-943A-CA35F8FEEEED}
	EndGlobalSection
EndGlobal
